
Microsoft Visual Studio Solution File, Format Version 12.00
# Visual Studio Version 16
VisualStudioVersion = 16.0.32228.343
MinimumVisualStudioVersion = 10.0.40219.1
Project("{FAE04EC0-301F-11D3-BF4B-00C04F79EFBC}") = "DBManyToManyTest1", "DBManyToManyTest1\DBManyToManyTest1.csproj", "{893DB633-B019-48A5-9A3C-60BC04ED069A}"
EndProject
Global
	GlobalSection(SolutionConfigurationPlatforms) = preSolution
		Debug|Any CPU = Debug|Any CPU
		Release|Any CPU = Release|Any CPU
	EndGlobalSection
	GlobalSection(ProjectConfigurationPlatforms) = postSolution
		{893DB633-B019-48A5-9A3C-60BC04ED069A}.Debug|Any CPU.ActiveCfg = Debug|Any CPU
		{893DB633-B019-48A5-9A3C-60BC04ED069A}.Debug|Any CPU.Build.0 = Debug|Any CPU
		{893DB633-B019-48A5-9A3C-60BC04ED069A}.Release|Any CPU.ActiveCfg = Release|Any CPU
		{893DB633-B019-48A5-9A3C-60BC04ED069A}.Release|Any CPU.Build.0 = Release|Any CPU
	EndGlobalSection
	GlobalSection(SolutionProperties) = preSolution
		HideSolutionNode = FALSE
	EndGlobalSection
	GlobalSection(ExtensibilityGlobals) = postSolution
		SolutionGuid = {C11AC5A1-25C2-4A4B-B897-79B8328D7253}
	EndGlobalSection
EndGlobal
